
Microsoft Visual Studio Solution File, Format Version 11.00
# Visual Studio 2010
Project("{F184B08F-C81C-45F6-A57F-5ABD9991F28F}") = "Fortedo.DynamicUI.Core", "Fortedo.DynamicUI.Core\Fortedo.DynamicUI.Core.vbproj", "{2C0AF1E3-1CED-4B84-9487-E8820643ED67}"
	ProjectSection(ProjectDependencies) = postProject
		{3091B3BF-04E5-4EBF-8FEA-98F8C31CB672} = {3091B3BF-04E5-4EBF-8FEA-98F8C31CB672}
	EndProjectSection
EndProject
Project("{F184B08F-C81C-45F6-A57F-5ABD9991F28F}") = "Fortedo.DynamicUI.Shared", "Fortedo.DynamicUI.Shared\Fortedo.DynamicUI.Shared.vbproj", "{F1094CA6-F3ED-4902-915B-9EECB7ACDBE0}"
EndProject
Project("{F184B08F-C81C-45F6-A57F-5ABD9991F28F}") = "Fortedo.DynamicUI.Elements", "Fortedo.DynamicUI.Elements\Fortedo.DynamicUI.Elements.vbproj", "{3091B3BF-04E5-4EBF-8FEA-98F8C31CB672}"
EndProject
Global
	GlobalSection(SubversionScc) = preSolution
		Svn-Managed = True
		Manager = AnkhSVN - Subversion Support for Visual Studio
	EndGlobalSection
	GlobalSection(SolutionConfigurationPlatforms) = preSolution
		Both|Any CPU = Both|Any CPU
		Both|Mixed Platforms = Both|Mixed Platforms
		Both|x86 = Both|x86
		Debug|Any CPU = Debug|Any CPU
		Debug|Mixed Platforms = Debug|Mixed Platforms
		Debug|x86 = Debug|x86
		Release|Any CPU = Release|Any CPU
		Release|Mixed Platforms = Release|Mixed Platforms
		Release|x86 = Release|x86
	EndGlobalSection
	GlobalSection(ProjectConfigurationPlatforms) = postSolution
		{2C0AF1E3-1CED-4B84-9487-E8820643ED67}.Both|Any CPU.ActiveCfg = Both|Any CPU
		{2C0AF1E3-1CED-4B84-9487-E8820643ED67}.Both|Any CPU.Build.0 = Both|Any CPU
		{2C0AF1E3-1CED-4B84-9487-E8820643ED67}.Both|Mixed Platforms.ActiveCfg = Both|x86
		{2C0AF1E3-1CED-4B84-9487-E8820643ED67}.Both|Mixed Platforms.Build.0 = Both|x86
		{2C0AF1E3-1CED-4B84-9487-E8820643ED67}.Both|x86.ActiveCfg = Both|x86
		{2C0AF1E3-1CED-4B84-9487-E8820643ED67}.Both|x86.Build.0 = Both|x86
		{2C0AF1E3-1CED-4B84-9487-E8820643ED67}.Debug|Any CPU.ActiveCfg = Debug|Any CPU
		{2C0AF1E3-1CED-4B84-9487-E8820643ED67}.Debug|Any CPU.Build.0 = Debug|Any CPU
		{2C0AF1E3-1CED-4B84-9487-E8820643ED67}.Debug|Mixed Platforms.ActiveCfg = Debug|x86
		{2C0AF1E3-1CED-4B84-9487-E8820643ED67}.Debug|Mixed Platforms.Build.0 = Debug|x86
		{2C0AF1E3-1CED-4B84-9487-E8820643ED67}.Debug|x86.ActiveCfg = Debug|x86
		{2C0AF1E3-1CED-4B84-9487-E8820643ED67}.Debug|x86.Build.0 = Debug|x86
		{2C0AF1E3-1CED-4B84-9487-E8820643ED67}.Release|Any CPU.ActiveCfg = Release|x86
		{2C0AF1E3-1CED-4B84-9487-E8820643ED67}.Release|Mixed Platforms.ActiveCfg = Release|x86
		{2C0AF1E3-1CED-4B84-9487-E8820643ED67}.Release|Mixed Platforms.Build.0 = Release|x86
		{2C0AF1E3-1CED-4B84-9487-E8820643ED67}.Release|x86.ActiveCfg = Release|x86
		{2C0AF1E3-1CED-4B84-9487-E8820643ED67}.Release|x86.Build.0 = Release|x86
		{F1094CA6-F3ED-4902-915B-9EECB7ACDBE0}.Both|Any CPU.ActiveCfg = Both|Any CPU
		{F1094CA6-F3ED-4902-915B-9EECB7ACDBE0}.Both|Any CPU.Build.0 = Both|Any CPU
		{F1094CA6-F3ED-4902-915B-9EECB7ACDBE0}.Both|Mixed Platforms.ActiveCfg = Both|Any CPU
		{F1094CA6-F3ED-4902-915B-9EECB7ACDBE0}.Both|Mixed Platforms.Build.0 = Both|Any CPU
		{F1094CA6-F3ED-4902-915B-9EECB7ACDBE0}.Both|x86.ActiveCfg = Both|Any CPU
		{F1094CA6-F3ED-4902-915B-9EECB7ACDBE0}.Debug|Any CPU.ActiveCfg = Debug|Any CPU
		{F1094CA6-F3ED-4902-915B-9EECB7ACDBE0}.Debug|Any CPU.Build.0 = Debug|Any CPU
		{F1094CA6-F3ED-4902-915B-9EECB7ACDBE0}.Debug|Mixed Platforms.ActiveCfg = Debug|Any CPU
		{F1094CA6-F3ED-4902-915B-9EECB7ACDBE0}.Debug|Mixed Platforms.Build.0 = Debug|Any CPU
		{F1094CA6-F3ED-4902-915B-9EECB7ACDBE0}.Debug|x86.ActiveCfg = Debug|Any CPU
		{F1094CA6-F3ED-4902-915B-9EECB7ACDBE0}.Release|Any CPU.ActiveCfg = Release|Any CPU
		{F1094CA6-F3ED-4902-915B-9EECB7ACDBE0}.Release|Any CPU.Build.0 = Release|Any CPU
		{F1094CA6-F3ED-4902-915B-9EECB7ACDBE0}.Release|Mixed Platforms.ActiveCfg = Release|Any CPU
		{F1094CA6-F3ED-4902-915B-9EECB7ACDBE0}.Release|Mixed Platforms.Build.0 = Release|Any CPU
		{F1094CA6-F3ED-4902-915B-9EECB7ACDBE0}.Release|x86.ActiveCfg = Release|Any CPU
		{3091B3BF-04E5-4EBF-8FEA-98F8C31CB672}.Both|Any CPU.ActiveCfg = Both|Any CPU
		{3091B3BF-04E5-4EBF-8FEA-98F8C31CB672}.Both|Any CPU.Build.0 = Both|Any CPU
		{3091B3BF-04E5-4EBF-8FEA-98F8C31CB672}.Both|Mixed Platforms.ActiveCfg = Both|Any CPU
		{3091B3BF-04E5-4EBF-8FEA-98F8C31CB672}.Both|Mixed Platforms.Build.0 = Both|Any CPU
		{3091B3BF-04E5-4EBF-8FEA-98F8C31CB672}.Both|x86.ActiveCfg = Both|Any CPU
		{3091B3BF-04E5-4EBF-8FEA-98F8C31CB672}.Debug|Any CPU.ActiveCfg = Debug|Any CPU
		{3091B3BF-04E5-4EBF-8FEA-98F8C31CB672}.Debug|Any CPU.Build.0 = Debug|Any CPU
		{3091B3BF-04E5-4EBF-8FEA-98F8C31CB672}.Debug|Mixed Platforms.ActiveCfg = Debug|Any CPU
		{3091B3BF-04E5-4EBF-8FEA-98F8C31CB672}.Debug|Mixed Platforms.Build.0 = Debug|Any CPU
		{3091B3BF-04E5-4EBF-8FEA-98F8C31CB672}.Debug|x86.ActiveCfg = Debug|Any CPU
		{3091B3BF-04E5-4EBF-8FEA-98F8C31CB672}.Release|Any CPU.ActiveCfg = Release|Any CPU
		{3091B3BF-04E5-4EBF-8FEA-98F8C31CB672}.Release|Any CPU.Build.0 = Release|Any CPU
		{3091B3BF-04E5-4EBF-8FEA-98F8C31CB672}.Release|Mixed Platforms.ActiveCfg = Release|Any CPU
		{3091B3BF-04E5-4EBF-8FEA-98F8C31CB672}.Release|Mixed Platforms.Build.0 = Release|Any CPU
		{3091B3BF-04E5-4EBF-8FEA-98F8C31CB672}.Release|x86.ActiveCfg = Release|Any CPU
	EndGlobalSection
	GlobalSection(SolutionProperties) = preSolution
		HideSolutionNode = FALSE
	EndGlobalSection
EndGlobal
